
Microsoft Visual Studio Solution File, Format Version 12.00
# Visual Studio 15
VisualStudioVersion = 15.0.28307.757
MinimumVisualStudioVersion = 10.0.40219.1
Project("{2150E333-8FDC-42A3-9474-1A3956D46DE8}") = "Application", "Application", "{60D53E96-B2A9-4A9B-8253-2CDF4D67C420}"
EndProject
Project("{2150E333-8FDC-42A3-9474-1A3956D46DE8}") = "Core", "Core", "{093165A6-733C-47A7-AE1D-FD0EA6D2B2EE}"
EndProject
Project("{2150E333-8FDC-42A3-9474-1A3956D46DE8}") = "Infrastructure", "Infrastructure", "{591A6155-50ED-48B1-8682-5E17316961A0}"
EndProject
Project("{2150E333-8FDC-42A3-9474-1A3956D46DE8}") = "Presentation", "Presentation", "{EA7CE227-FCA8-4A15-A896-8657B1865AFE}"
EndProject
Project("{2150E333-8FDC-42A3-9474-1A3956D46DE8}") = "Persistence", "Persistence", "{5381D118-4A27-4D6B-B913-FCE04787D6DC}"
EndProject
Project("{FAE04EC0-301F-11D3-BF4B-00C04F79EFBC}") = "Web.Api", "Web.Api\Web.Api.csproj", "{079F341D-B376-455D-B81A-044486C8CA44}"
EndProject
Project("{FAE04EC0-301F-11D3-BF4B-00C04F79EFBC}") = "DataAccess", "DataAccess\DataAccess.csproj", "{8889FFC9-9E10-4CB6-A214-9138830939F3}"
EndProject
Project("{FAE04EC0-301F-11D3-BF4B-00C04F79EFBC}") = "Domain", "Domain\Domain.csproj", "{19F45A6D-A807-4F41-8443-13DEB4F0CE9A}"
EndProject
Project("{FAE04EC0-301F-11D3-BF4B-00C04F79EFBC}") = "Apps", "Apps\Apps.csproj", "{407FDBD0-CFDC-4377-9C47-AE0538DDA4A8}"
EndProject
Project("{FAE04EC0-301F-11D3-BF4B-00C04F79EFBC}") = "App.Tests", "App.Tests\App.Tests.csproj", "{1A04349F-3FA7-42A7-BFD9-B65399FD1491}"
EndProject
Global
	GlobalSection(SolutionConfigurationPlatforms) = preSolution
		Debug|Any CPU = Debug|Any CPU
		Debug|ARM = Debug|ARM
		Debug|ARM64 = Debug|ARM64
		Debug|x64 = Debug|x64
		Debug|x86 = Debug|x86
		Release|Any CPU = Release|Any CPU
		Release|ARM = Release|ARM
		Release|ARM64 = Release|ARM64
		Release|x64 = Release|x64
		Release|x86 = Release|x86
	EndGlobalSection
	GlobalSection(ProjectConfigurationPlatforms) = postSolution
		{079F341D-B376-455D-B81A-044486C8CA44}.Debug|Any CPU.ActiveCfg = Debug|Any CPU
		{079F341D-B376-455D-B81A-044486C8CA44}.Debug|Any CPU.Build.0 = Debug|Any CPU
		{079F341D-B376-455D-B81A-044486C8CA44}.Debug|ARM.ActiveCfg = Debug|Any CPU
		{079F341D-B376-455D-B81A-044486C8CA44}.Debug|ARM.Build.0 = Debug|Any CPU
		{079F341D-B376-455D-B81A-044486C8CA44}.Debug|ARM64.ActiveCfg = Debug|Any CPU
		{079F341D-B376-455D-B81A-044486C8CA44}.Debug|ARM64.Build.0 = Debug|Any CPU
		{079F341D-B376-455D-B81A-044486C8CA44}.Debug|x64.ActiveCfg = Debug|Any CPU
		{079F341D-B376-455D-B81A-044486C8CA44}.Debug|x64.Build.0 = Debug|Any CPU
		{079F341D-B376-455D-B81A-044486C8CA44}.Debug|x86.ActiveCfg = Debug|Any CPU
		{079F341D-B376-455D-B81A-044486C8CA44}.Debug|x86.Build.0 = Debug|Any CPU
		{079F341D-B376-455D-B81A-044486C8CA44}.Release|Any CPU.ActiveCfg = Release|Any CPU
		{079F341D-B376-455D-B81A-044486C8CA44}.Release|Any CPU.Build.0 = Release|Any CPU
		{079F341D-B376-455D-B81A-044486C8CA44}.Release|ARM.ActiveCfg = Release|Any CPU
		{079F341D-B376-455D-B81A-044486C8CA44}.Release|ARM.Build.0 = Release|Any CPU
		{079F341D-B376-455D-B81A-044486C8CA44}.Release|ARM64.ActiveCfg = Release|Any CPU
		{079F341D-B376-455D-B81A-044486C8CA44}.Release|ARM64.Build.0 = Release|Any CPU
		{079F341D-B376-455D-B81A-044486C8CA44}.Release|x64.ActiveCfg = Release|Any CPU
		{079F341D-B376-455D-B81A-044486C8CA44}.Release|x64.Build.0 = Release|Any CPU
		{079F341D-B376-455D-B81A-044486C8CA44}.Release|x86.ActiveCfg = Release|Any CPU
		{079F341D-B376-455D-B81A-044486C8CA44}.Release|x86.Build.0 = Release|Any CPU
		{8889FFC9-9E10-4CB6-A214-9138830939F3}.Debug|Any CPU.ActiveCfg = Debug|Any CPU
		{8889FFC9-9E10-4CB6-A214-9138830939F3}.Debug|Any CPU.Build.0 = Debug|Any CPU
		{8889FFC9-9E10-4CB6-A214-9138830939F3}.Debug|ARM.ActiveCfg = Debug|Any CPU
		{8889FFC9-9E10-4CB6-A214-9138830939F3}.Debug|ARM.Build.0 = Debug|Any CPU
		{8889FFC9-9E10-4CB6-A214-9138830939F3}.Debug|ARM64.ActiveCfg = Debug|Any CPU
		{8889FFC9-9E10-4CB6-A214-9138830939F3}.Debug|ARM64.Build.0 = Debug|Any CPU
		{8889FFC9-9E10-4CB6-A214-9138830939F3}.Debug|x64.ActiveCfg = Debug|Any CPU
		{8889FFC9-9E10-4CB6-A214-9138830939F3}.Debug|x64.Build.0 = Debug|Any CPU
		{8889FFC9-9E10-4CB6-A214-9138830939F3}.Debug|x86.ActiveCfg = Debug|Any CPU
		{8889FFC9-9E10-4CB6-A214-9138830939F3}.Debug|x86.Build.0 = Debug|Any CPU
		{8889FFC9-9E10-4CB6-A214-9138830939F3}.Release|Any CPU.ActiveCfg = Release|Any CPU
		{8889FFC9-9E10-4CB6-A214-9138830939F3}.Release|Any CPU.Build.0 = Release|Any CPU
		{8889FFC9-9E10-4CB6-A214-9138830939F3}.Release|ARM.ActiveCfg = Release|Any CPU
		{8889FFC9-9E10-4CB6-A214-9138830939F3}.Release|ARM.Build.0 = Release|Any CPU
		{8889FFC9-9E10-4CB6-A214-9138830939F3}.Release|ARM64.ActiveCfg = Release|Any CPU
		{8889FFC9-9E10-4CB6-A214-9138830939F3}.Release|ARM64.Build.0 = Release|Any CPU
		{8889FFC9-9E10-4CB6-A214-9138830939F3}.Release|x64.ActiveCfg = Release|Any CPU
		{8889FFC9-9E10-4CB6-A214-9138830939F3}.Release|x64.Build.0 = Release|Any CPU
		{8889FFC9-9E10-4CB6-A214-9138830939F3}.Release|x86.ActiveCfg = Release|Any CPU
		{8889FFC9-9E10-4CB6-A214-9138830939F3}.Release|x86.Build.0 = Release|Any CPU
		{19F45A6D-A807-4F41-8443-13DEB4F0CE9A}.Debug|Any CPU.ActiveCfg = Debug|Any CPU
		{19F45A6D-A807-4F41-8443-13DEB4F0CE9A}.Debug|Any CPU.Build.0 = Debug|Any CPU
		{19F45A6D-A807-4F41-8443-13DEB4F0CE9A}.Debug|ARM.ActiveCfg = Debug|Any CPU
		{19F45A6D-A807-4F41-8443-13DEB4F0CE9A}.Debug|ARM.Build.0 = Debug|Any CPU
		{19F45A6D-A807-4F41-8443-13DEB4F0CE9A}.Debug|ARM64.ActiveCfg = Debug|Any CPU
		{19F45A6D-A807-4F41-8443-13DEB4F0CE9A}.Debug|ARM64.Build.0 = Debug|Any CPU
		{19F45A6D-A807-4F41-8443-13DEB4F0CE9A}.Debug|x64.ActiveCfg = Debug|Any CPU
		{19F45A6D-A807-4F41-8443-13DEB4F0CE9A}.Debug|x64.Build.0 = Debug|Any CPU
		{19F45A6D-A807-4F41-8443-13DEB4F0CE9A}.Debug|x86.ActiveCfg = Debug|Any CPU
		{19F45A6D-A807-4F41-8443-13DEB4F0CE9A}.Debug|x86.Build.0 = Debug|Any CPU
		{19F45A6D-A807-4F41-8443-13DEB4F0CE9A}.Release|Any CPU.ActiveCfg = Release|Any CPU
		{19F45A6D-A807-4F41-8443-13DEB4F0CE9A}.Release|Any CPU.Build.0 = Release|Any CPU
		{19F45A6D-A807-4F41-8443-13DEB4F0CE9A}.Release|ARM.ActiveCfg = Release|Any CPU
		{19F45A6D-A807-4F41-8443-13DEB4F0CE9A}.Release|ARM.Build.0 = Release|Any CPU
		{19F45A6D-A807-4F41-8443-13DEB4F0CE9A}.Release|ARM64.ActiveCfg = Release|Any CPU
		{19F45A6D-A807-4F41-8443-13DEB4F0CE9A}.Release|ARM64.Build.0 = Release|Any CPU
		{19F45A6D-A807-4F41-8443-13DEB4F0CE9A}.Release|x64.ActiveCfg = Release|Any CPU
		{19F45A6D-A807-4F41-8443-13DEB4F0CE9A}.Release|x64.Build.0 = Release|Any CPU
		{19F45A6D-A807-4F41-8443-13DEB4F0CE9A}.Release|x86.ActiveCfg = Release|Any CPU
		{19F45A6D-A807-4F41-8443-13DEB4F0CE9A}.Release|x86.Build.0 = Release|Any CPU
		{407FDBD0-CFDC-4377-9C47-AE0538DDA4A8}.Debug|Any CPU.ActiveCfg = Debug|Any CPU
		{407FDBD0-CFDC-4377-9C47-AE0538DDA4A8}.Debug|Any CPU.Build.0 = Debug|Any CPU
		{407FDBD0-CFDC-4377-9C47-AE0538DDA4A8}.Debug|ARM.ActiveCfg = Debug|Any CPU
		{407FDBD0-CFDC-4377-9C47-AE0538DDA4A8}.Debug|ARM.Build.0 = Debug|Any CPU
		{407FDBD0-CFDC-4377-9C47-AE0538DDA4A8}.Debug|ARM64.ActiveCfg = Debug|Any CPU
		{407FDBD0-CFDC-4377-9C47-AE0538DDA4A8}.Debug|ARM64.Build.0 = Debug|Any CPU
		{407FDBD0-CFDC-4377-9C47-AE0538DDA4A8}.Debug|x64.ActiveCfg = Debug|Any CPU
		{407FDBD0-CFDC-4377-9C47-AE0538DDA4A8}.Debug|x64.Build.0 = Debug|Any CPU
		{407FDBD0-CFDC-4377-9C47-AE0538DDA4A8}.Debug|x86.ActiveCfg = Debug|Any CPU
		{407FDBD0-CFDC-4377-9C47-AE0538DDA4A8}.Debug|x86.Build.0 = Debug|Any CPU
		{407FDBD0-CFDC-4377-9C47-AE0538DDA4A8}.Release|Any CPU.ActiveCfg = Release|Any CPU
		{407FDBD0-CFDC-4377-9C47-AE0538DDA4A8}.Release|Any CPU.Build.0 = Release|Any CPU
		{407FDBD0-CFDC-4377-9C47-AE0538DDA4A8}.Release|ARM.ActiveCfg = Release|Any CPU
		{407FDBD0-CFDC-4377-9C47-AE0538DDA4A8}.Release|ARM.Build.0 = Release|Any CPU
		{407FDBD0-CFDC-4377-9C47-AE0538DDA4A8}.Release|ARM64.ActiveCfg = Release|Any CPU
		{407FDBD0-CFDC-4377-9C47-AE0538DDA4A8}.Release|ARM64.Build.0 = Release|Any CPU
		{407FDBD0-CFDC-4377-9C47-AE0538DDA4A8}.Release|x64.ActiveCfg = Release|Any CPU
		{407FDBD0-CFDC-4377-9C47-AE0538DDA4A8}.Release|x64.Build.0 = Release|Any CPU
		{407FDBD0-CFDC-4377-9C47-AE0538DDA4A8}.Release|x86.ActiveCfg = Release|Any CPU
		{407FDBD0-CFDC-4377-9C47-AE0538DDA4A8}.Release|x86.Build.0 = Release|Any CPU
		{1A04349F-3FA7-42A7-BFD9-B65399FD1491}.Debug|Any CPU.ActiveCfg = Debug|Any CPU
		{1A04349F-3FA7-42A7-BFD9-B65399FD1491}.Debug|Any CPU.Build.0 = Debug|Any CPU
		{1A04349F-3FA7-42A7-BFD9-B65399FD1491}.Debug|ARM.ActiveCfg = Debug|Any CPU
		{1A04349F-3FA7-42A7-BFD9-B65399FD1491}.Debug|ARM.Build.0 = Debug|Any CPU
		{1A04349F-3FA7-42A7-BFD9-B65399FD1491}.Debug|ARM64.ActiveCfg = Debug|Any CPU
		{1A04349F-3FA7-42A7-BFD9-B65399FD1491}.Debug|ARM64.Build.0 = Debug|Any CPU
		{1A04349F-3FA7-42A7-BFD9-B65399FD1491}.Debug|x64.ActiveCfg = Debug|Any CPU
		{1A04349F-3FA7-42A7-BFD9-B65399FD1491}.Debug|x64.Build.0 = Debug|Any CPU
		{1A04349F-3FA7-42A7-BFD9-B65399FD1491}.Debug|x86.ActiveCfg = Debug|Any CPU
		{1A04349F-3FA7-42A7-BFD9-B65399FD1491}.Debug|x86.Build.0 = Debug|Any CPU
		{1A04349F-3FA7-42A7-BFD9-B65399FD1491}.Release|Any CPU.ActiveCfg = Release|Any CPU
		{1A04349F-3FA7-42A7-BFD9-B65399FD1491}.Release|Any CPU.Build.0 = Release|Any CPU
		{1A04349F-3FA7-42A7-BFD9-B65399FD1491}.Release|ARM.ActiveCfg = Release|Any CPU
		{1A04349F-3FA7-42A7-BFD9-B65399FD1491}.Release|ARM.Build.0 = Release|Any CPU
		{1A04349F-3FA7-42A7-BFD9-B65399FD1491}.Release|ARM64.ActiveCfg = Release|Any CPU
		{1A04349F-3FA7-42A7-BFD9-B65399FD1491}.Release|ARM64.Build.0 = Release|Any CPU
		{1A04349F-3FA7-42A7-BFD9-B65399FD1491}.Release|x64.ActiveCfg = Release|Any CPU
		{1A04349F-3FA7-42A7-BFD9-B65399FD1491}.Release|x64.Build.0 = Release|Any CPU
		{1A04349F-3FA7-42A7-BFD9-B65399FD1491}.Release|x86.ActiveCfg = Release|Any CPU
		{1A04349F-3FA7-42A7-BFD9-B65399FD1491}.Release|x86.Build.0 = Release|Any CPU
	EndGlobalSection
	GlobalSection(SolutionProperties) = preSolution
		HideSolutionNode = FALSE
	EndGlobalSection
	GlobalSection(NestedProjects) = preSolution
		{EA7CE227-FCA8-4A15-A896-8657B1865AFE} = {591A6155-50ED-48B1-8682-5E17316961A0}
		{5381D118-4A27-4D6B-B913-FCE04787D6DC} = {591A6155-50ED-48B1-8682-5E17316961A0}
		{079F341D-B376-455D-B81A-044486C8CA44} = {EA7CE227-FCA8-4A15-A896-8657B1865AFE}
		{8889FFC9-9E10-4CB6-A214-9138830939F3} = {5381D118-4A27-4D6B-B913-FCE04787D6DC}
		{19F45A6D-A807-4F41-8443-13DEB4F0CE9A} = {093165A6-733C-47A7-AE1D-FD0EA6D2B2EE}
		{407FDBD0-CFDC-4377-9C47-AE0538DDA4A8} = {60D53E96-B2A9-4A9B-8253-2CDF4D67C420}
		{1A04349F-3FA7-42A7-BFD9-B65399FD1491} = {60D53E96-B2A9-4A9B-8253-2CDF4D67C420}
	EndGlobalSection
	GlobalSection(ExtensibilityGlobals) = postSolution
		SolutionGuid = {1C582F72-4441-4087-827D-302FF934E56C}
	EndGlobalSection
EndGlobal
